
Microsoft Visual Studio Solution File, Format Version 12.00
Project("{FAE04EC0-301F-11D3-BF4B-00C04F79EFBC}") = "TodoApi", "TodoApi\TodoApi.csproj", "{6AFDEDC9-11AB-4009-904F-B76CC6C689EC}"
EndProject
Global
	GlobalSection(SolutionConfigurationPlatforms) = preSolution
		Debug|Any CPU = Debug|Any CPU
		Release|Any CPU = Release|Any CPU
	EndGlobalSection
	GlobalSection(ProjectConfigurationPlatforms) = postSolution
		{6AFDEDC9-11AB-4009-904F-B76CC6C689EC}.Debug|Any CPU.ActiveCfg = Debug|Any CPU
		{6AFDEDC9-11AB-4009-904F-B76CC6C689EC}.Debug|Any CPU.Build.0 = Debug|Any CPU
		{6AFDEDC9-11AB-4009-904F-B76CC6C689EC}.Release|Any CPU.ActiveCfg = Release|Any CPU
		{6AFDEDC9-11AB-4009-904F-B76CC6C689EC}.Release|Any CPU.Build.0 = Release|Any CPU
	EndGlobalSection
EndGlobal
